
Microsoft Visual Studio Solution File, Format Version 12.00
# Visual Studio Version 18
VisualStudioVersion = 18.3.11520.95
MinimumVisualStudioVersion = 10.0.40219.1
Project("{54A90642-561A-4BB1-A94E-469ADEE60C69}") = "v2.client", "v2.client\v2.client.esproj", "{378FB890-7879-66FA-EE00-3C4C075C5E43}"
EndProject
Project("{FAE04EC0-301F-11D3-BF4B-00C04F79EFBC}") = "Api", "V2.Server\Api.csproj", "{1B7C3718-2E9F-4818-87BA-82A2F3FA74F0}"
EndProject
Project("{2150E333-8FDC-42A3-9474-1A3956D46DE8}") = "Modules", "Modules", "{02EA681E-C7D8-13C7-8484-4AC65E1B71E8}"
EndProject
Project("{2150E333-8FDC-42A3-9474-1A3956D46DE8}") = "System", "System", "{D23CCF6E-F528-43C6-BF0D-E559767A2B4A}"
EndProject
Project("{FAE04EC0-301F-11D3-BF4B-00C04F79EFBC}") = "System.Application", "Modules\System\System.Application\System.Application.csproj", "{A58A9DD4-3526-4FBB-8250-A02EB0FDAAEB}"
EndProject
Project("{FAE04EC0-301F-11D3-BF4B-00C04F79EFBC}") = "System.Domain", "Modules\System\System.Domain\System.Domain.csproj", "{A4A8FAD6-80D7-48A6-B644-01E722B74A50}"
EndProject
Project("{FAE04EC0-301F-11D3-BF4B-00C04F79EFBC}") = "System.Infrastructure", "Modules\System\System.Infrastructure\System.Infrastructure.csproj", "{19EF601E-BD11-40B6-B115-C0DD95F5BBB9}"
EndProject
Project("{FAE04EC0-301F-11D3-BF4B-00C04F79EFBC}") = "Connector", "Modules\Connector\Connector.csproj", "{0BDD14B5-C280-4268-902E-B45FDE589A1D}"
EndProject
Project("{2150E333-8FDC-42A3-9474-1A3956D46DE8}") = "Files", "Files", "{1114F48F-82ED-4D31-AF93-7320CCDE45DD}"
EndProject
Project("{FAE04EC0-301F-11D3-BF4B-00C04F79EFBC}") = "Files.Domain", "Modules\Files\Files.Domain\Files.Domain.csproj", "{B4E53A3D-DC18-49BD-BC6E-BE34D0EBB9D5}"
EndProject
Project("{FAE04EC0-301F-11D3-BF4B-00C04F79EFBC}") = "Files.Infrastructure", "Modules\Files\Files.Infrastructure\Files.Infrastructure.csproj", "{09AB459D-A67D-46DF-B7A0-423378002499}"
EndProject
Project("{FAE04EC0-301F-11D3-BF4B-00C04F79EFBC}") = "Files.Application", "Modules\Files\Files.Application\Files.Application.csproj", "{147C5981-65FC-4EC1-A9E0-CF09C3123F27}"
EndProject
Project("{2150E333-8FDC-42A3-9474-1A3956D46DE8}") = "RPG", "RPG", "{078D9335-C728-400D-BD58-A731F1ADD1BD}"
EndProject
Project("{FAE04EC0-301F-11D3-BF4B-00C04F79EFBC}") = "RPG.Application", "Modules\RPG\RPG.Application\RPG.Application.csproj", "{1D9E2B58-0650-41B8-B64F-0BAD8ECC4C72}"
EndProject
Project("{FAE04EC0-301F-11D3-BF4B-00C04F79EFBC}") = "RPG.Domain", "Modules\RPG\RPG.Domain\RPG.Domain.csproj", "{0D7B6AF9-85F1-47F9-8C34-BFBBE0B2A908}"
EndProject
Project("{FAE04EC0-301F-11D3-BF4B-00C04F79EFBC}") = "RPG.Infrastructure", "Modules\RPG\RPG.Infrastructure\RPG.Infrastructure.csproj", "{257B7899-ACD1-4410-92DC-D7D5450117F3}"
EndProject
Project("{2150E333-8FDC-42A3-9474-1A3956D46DE8}") = "Communication", "Communication", "{68335104-45DF-4BC1-8DAA-46E9B822D2B5}"
EndProject
Project("{FAE04EC0-301F-11D3-BF4B-00C04F79EFBC}") = "Communication.Infrastructure", "Modules\Communication\Communication.Infrastructure\Communication.Infrastructure.csproj", "{0D0EB223-4CAA-4E9D-B77E-C1F9BF65AF55}"
EndProject
Project("{FAE04EC0-301F-11D3-BF4B-00C04F79EFBC}") = "Communication.Domain", "Modules\Communication\Communication.Domain\Communication.Domain.csproj", "{5E473E19-524D-427D-9CDE-1427AF80FA28}"
EndProject
Project("{FAE04EC0-301F-11D3-BF4B-00C04F79EFBC}") = "Communication.Application", "Modules\Communication\Communication.Application\Communication.Application.csproj", "{6336CBFB-6E5B-45CF-85A5-0139D5532B6C}"
EndProject
Project("{FAE04EC0-301F-11D3-BF4B-00C04F79EFBC}") = "RPG.Extras", "Modules\RPG\RPG.Extras\RPG.Extras.csproj", "{FDFBC958-B4E3-4154-B800-B15F082D2A0C}"
EndProject
Project("{FAE04EC0-301F-11D3-BF4B-00C04F79EFBC}") = "System.Views", "Modules\System\System.Views\System.Views.csproj", "{43683DAC-516C-4012-8FDB-E1A8978D09F6}"
EndProject
Project("{2150E333-8FDC-42A3-9474-1A3956D46DE8}") = "Automation", "Automation", "{29D10F52-1639-42A8-B290-EF564EDEF82B}"
EndProject
Project("{FAE04EC0-301F-11D3-BF4B-00C04F79EFBC}") = "Automation.Domain", "Modules\Automation\Automation.Domain\Automation.Domain.csproj", "{B878EFB6-DB87-4AC7-A2F0-38E9E5EF113D}"
EndProject
Project("{FAE04EC0-301F-11D3-BF4B-00C04F79EFBC}") = "Automation.Infrastructure", "Modules\Automation\Automation.Infrastructure\Automation.Infrastructure.csproj", "{74C28540-AF95-48C8-AC9B-FEE563A465AB}"
EndProject
Project("{FAE04EC0-301F-11D3-BF4B-00C04F79EFBC}") = "Automation.Application", "Modules\Automation\Atomation.Application\Automation.Application.csproj", "{B620A75E-C2BE-4468-A850-F0A34CA7B17C}"
EndProject
Project("{2150E333-8FDC-42A3-9474-1A3956D46DE8}") = "Core", "Core", "{59DC093B-2C65-4DAE-9A4A-7F5FA09343B6}"
EndProject
Project("{FAE04EC0-301F-11D3-BF4B-00C04F79EFBC}") = "Base", "Core\Base\Base.csproj", "{CB93365D-9A5B-E8F1-67F4-35C40682AB5F}"
EndProject
Project("{FAE04EC0-301F-11D3-BF4B-00C04F79EFBC}") = "AutomationBase", "Core\AutomationBase\AutomationBase.csproj", "{90D3139C-95BA-49F6-B4A7-5E731A0644F7}"
EndProject
Project("{2150E333-8FDC-42A3-9474-1A3956D46DE8}") = "Connectors", "Connectors", "{6D0CA674-CDDE-4F8D-8128-3E888CCE3131}"
EndProject
Project("{FAE04EC0-301F-11D3-BF4B-00C04F79EFBC}") = "CommunicationBase", "Core\CommunicationBase\CommunicationBase.csproj", "{7CA006C8-91F1-449C-9DA2-AF665F3A821A}"
EndProject
Project("{2150E333-8FDC-42A3-9474-1A3956D46DE8}") = "Tools", "Tools", "{8793F0E6-54F2-4C52-9225-D12907E1DBF5}"
EndProject
Project("{FAE04EC0-301F-11D3-BF4B-00C04F79EFBC}") = "Local", "Tools\Local\Local.csproj", "{A28FE6C3-F891-3F0D-077A-8ED7CFD9A5FA}"
EndProject
Project("{FAE04EC0-301F-11D3-BF4B-00C04F79EFBC}") = "Translations", "Tools\Translations\Translations.csproj", "{0F2D63A2-560E-4249-A460-1A657A9EF8D9}"
EndProject
Project("{2150E333-8FDC-42A3-9474-1A3956D46DE8}") = "Events", "Events", "{B60DAF13-A686-46B2-A687-CF247B9B8829}"
EndProject
Project("{FAE04EC0-301F-11D3-BF4B-00C04F79EFBC}") = "Events.Infrastructure", "Modules\Events\Events.Infrastructure\Events.Infrastructure.csproj", "{8B2ACA67-F477-4F33-854C-5DA8FCCCE150}"
EndProject
Project("{FAE04EC0-301F-11D3-BF4B-00C04F79EFBC}") = "Events.Domain", "Modules\Events\Events.Domain\Events.Domain.csproj", "{60281EFA-7CBF-43FE-897B-C85E56528D0A}"
EndProject
Project("{FAE04EC0-301F-11D3-BF4B-00C04F79EFBC}") = "Events.Application", "Modules\Events\Events.Application\Events.Application.csproj", "{64792109-5058-4CE7-9FD7-1B9B7CC98E20}"
EndProject
Project("{FAE04EC0-301F-11D3-BF4B-00C04F79EFBC}") = "Events.Extras", "Modules\Events\Events.Extras\Events.Extras.csproj", "{8FDD3D3A-0CED-4CAE-B41F-862F1EEC1BC6}"
EndProject
Global
	GlobalSection(SolutionConfigurationPlatforms) = preSolution
		Debug|Any CPU = Debug|Any CPU
		Release|Any CPU = Release|Any CPU
	EndGlobalSection
	GlobalSection(ProjectConfigurationPlatforms) = postSolution
		{378FB890-7879-66FA-EE00-3C4C075C5E43}.Debug|Any CPU.ActiveCfg = Debug|Any CPU
		{378FB890-7879-66FA-EE00-3C4C075C5E43}.Debug|Any CPU.Build.0 = Debug|Any CPU
		{378FB890-7879-66FA-EE00-3C4C075C5E43}.Debug|Any CPU.Deploy.0 = Debug|Any CPU
		{378FB890-7879-66FA-EE00-3C4C075C5E43}.Release|Any CPU.ActiveCfg = Release|Any CPU
		{378FB890-7879-66FA-EE00-3C4C075C5E43}.Release|Any CPU.Build.0 = Release|Any CPU
		{378FB890-7879-66FA-EE00-3C4C075C5E43}.Release|Any CPU.Deploy.0 = Release|Any CPU
		{1B7C3718-2E9F-4818-87BA-82A2F3FA74F0}.Debug|Any CPU.ActiveCfg = Debug|Any CPU
		{1B7C3718-2E9F-4818-87BA-82A2F3FA74F0}.Debug|Any CPU.Build.0 = Debug|Any CPU
		{1B7C3718-2E9F-4818-87BA-82A2F3FA74F0}.Release|Any CPU.ActiveCfg = Release|Any CPU
		{1B7C3718-2E9F-4818-87BA-82A2F3FA74F0}.Release|Any CPU.Build.0 = Release|Any CPU
		{A58A9DD4-3526-4FBB-8250-A02EB0FDAAEB}.Debug|Any CPU.ActiveCfg = Debug|Any CPU
		{A58A9DD4-3526-4FBB-8250-A02EB0FDAAEB}.Debug|Any CPU.Build.0 = Debug|Any CPU
		{A58A9DD4-3526-4FBB-8250-A02EB0FDAAEB}.Release|Any CPU.ActiveCfg = Release|Any CPU
		{A58A9DD4-3526-4FBB-8250-A02EB0FDAAEB}.Release|Any CPU.Build.0 = Release|Any CPU
		{A4A8FAD6-80D7-48A6-B644-01E722B74A50}.Debug|Any CPU.ActiveCfg = Debug|Any CPU
		{A4A8FAD6-80D7-48A6-B644-01E722B74A50}.Debug|Any CPU.Build.0 = Debug|Any CPU
		{A4A8FAD6-80D7-48A6-B644-01E722B74A50}.Release|Any CPU.ActiveCfg = Release|Any CPU
		{A4A8FAD6-80D7-48A6-B644-01E722B74A50}.Release|Any CPU.Build.0 = Release|Any CPU
		{19EF601E-BD11-40B6-B115-C0DD95F5BBB9}.Debug|Any CPU.ActiveCfg = Debug|Any CPU
		{19EF601E-BD11-40B6-B115-C0DD95F5BBB9}.Debug|Any CPU.Build.0 = Debug|Any CPU
		{19EF601E-BD11-40B6-B115-C0DD95F5BBB9}.Release|Any CPU.ActiveCfg = Release|Any CPU
		{19EF601E-BD11-40B6-B115-C0DD95F5BBB9}.Release|Any CPU.Build.0 = Release|Any CPU
		{0BDD14B5-C280-4268-902E-B45FDE589A1D}.Debug|Any CPU.ActiveCfg = Debug|Any CPU
		{0BDD14B5-C280-4268-902E-B45FDE589A1D}.Debug|Any CPU.Build.0 = Debug|Any CPU
		{0BDD14B5-C280-4268-902E-B45FDE589A1D}.Release|Any CPU.ActiveCfg = Release|Any CPU
		{0BDD14B5-C280-4268-902E-B45FDE589A1D}.Release|Any CPU.Build.0 = Release|Any CPU
		{B4E53A3D-DC18-49BD-BC6E-BE34D0EBB9D5}.Debug|Any CPU.ActiveCfg = Debug|Any CPU
		{B4E53A3D-DC18-49BD-BC6E-BE34D0EBB9D5}.Debug|Any CPU.Build.0 = Debug|Any CPU
		{B4E53A3D-DC18-49BD-BC6E-BE34D0EBB9D5}.Release|Any CPU.ActiveCfg = Release|Any CPU
		{B4E53A3D-DC18-49BD-BC6E-BE34D0EBB9D5}.Release|Any CPU.Build.0 = Release|Any CPU
		{09AB459D-A67D-46DF-B7A0-423378002499}.Debug|Any CPU.ActiveCfg = Debug|Any CPU
		{09AB459D-A67D-46DF-B7A0-423378002499}.Debug|Any CPU.Build.0 = Debug|Any CPU
		{09AB459D-A67D-46DF-B7A0-423378002499}.Release|Any CPU.ActiveCfg = Release|Any CPU
		{09AB459D-A67D-46DF-B7A0-423378002499}.Release|Any CPU.Build.0 = Release|Any CPU
		{147C5981-65FC-4EC1-A9E0-CF09C3123F27}.Debug|Any CPU.ActiveCfg = Debug|Any CPU
		{147C5981-65FC-4EC1-A9E0-CF09C3123F27}.Debug|Any CPU.Build.0 = Debug|Any CPU
		{147C5981-65FC-4EC1-A9E0-CF09C3123F27}.Release|Any CPU.ActiveCfg = Release|Any CPU
		{147C5981-65FC-4EC1-A9E0-CF09C3123F27}.Release|Any CPU.Build.0 = Release|Any CPU
		{1D9E2B58-0650-41B8-B64F-0BAD8ECC4C72}.Debug|Any CPU.ActiveCfg = Debug|Any CPU
		{1D9E2B58-0650-41B8-B64F-0BAD8ECC4C72}.Debug|Any CPU.Build.0 = Debug|Any CPU
		{1D9E2B58-0650-41B8-B64F-0BAD8ECC4C72}.Release|Any CPU.ActiveCfg = Release|Any CPU
		{1D9E2B58-0650-41B8-B64F-0BAD8ECC4C72}.Release|Any CPU.Build.0 = Release|Any CPU
		{0D7B6AF9-85F1-47F9-8C34-BFBBE0B2A908}.Debug|Any CPU.ActiveCfg = Debug|Any CPU
		{0D7B6AF9-85F1-47F9-8C34-BFBBE0B2A908}.Debug|Any CPU.Build.0 = Debug|Any CPU
		{0D7B6AF9-85F1-47F9-8C34-BFBBE0B2A908}.Release|Any CPU.ActiveCfg = Release|Any CPU
		{0D7B6AF9-85F1-47F9-8C34-BFBBE0B2A908}.Release|Any CPU.Build.0 = Release|Any CPU
		{257B7899-ACD1-4410-92DC-D7D5450117F3}.Debug|Any CPU.ActiveCfg = Debug|Any CPU
		{257B7899-ACD1-4410-92DC-D7D5450117F3}.Debug|Any CPU.Build.0 = Debug|Any CPU
		{257B7899-ACD1-4410-92DC-D7D5450117F3}.Release|Any CPU.ActiveCfg = Release|Any CPU
		{257B7899-ACD1-4410-92DC-D7D5450117F3}.Release|Any CPU.Build.0 = Release|Any CPU
		{0D0EB223-4CAA-4E9D-B77E-C1F9BF65AF55}.Debug|Any CPU.ActiveCfg = Debug|Any CPU
		{0D0EB223-4CAA-4E9D-B77E-C1F9BF65AF55}.Debug|Any CPU.Build.0 = Debug|Any CPU
		{0D0EB223-4CAA-4E9D-B77E-C1F9BF65AF55}.Release|Any CPU.ActiveCfg = Release|Any CPU
		{0D0EB223-4CAA-4E9D-B77E-C1F9BF65AF55}.Release|Any CPU.Build.0 = Release|Any CPU
		{5E473E19-524D-427D-9CDE-1427AF80FA28}.Debug|Any CPU.ActiveCfg = Debug|Any CPU
		{5E473E19-524D-427D-9CDE-1427AF80FA28}.Debug|Any CPU.Build.0 = Debug|Any CPU
		{5E473E19-524D-427D-9CDE-1427AF80FA28}.Release|Any CPU.ActiveCfg = Release|Any CPU
		{5E473E19-524D-427D-9CDE-1427AF80FA28}.Release|Any CPU.Build.0 = Release|Any CPU
		{6336CBFB-6E5B-45CF-85A5-0139D5532B6C}.Debug|Any CPU.ActiveCfg = Debug|Any CPU
		{6336CBFB-6E5B-45CF-85A5-0139D5532B6C}.Debug|Any CPU.Build.0 = Debug|Any CPU
		{6336CBFB-6E5B-45CF-85A5-0139D5532B6C}.Release|Any CPU.ActiveCfg = Release|Any CPU
		{6336CBFB-6E5B-45CF-85A5-0139D5532B6C}.Release|Any CPU.Build.0 = Release|Any CPU
		{FDFBC958-B4E3-4154-B800-B15F082D2A0C}.Debug|Any CPU.ActiveCfg = Debug|Any CPU
		{FDFBC958-B4E3-4154-B800-B15F082D2A0C}.Debug|Any CPU.Build.0 = Debug|Any CPU
		{FDFBC958-B4E3-4154-B800-B15F082D2A0C}.Release|Any CPU.ActiveCfg = Release|Any CPU
		{FDFBC958-B4E3-4154-B800-B15F082D2A0C}.Release|Any CPU.Build.0 = Release|Any CPU
		{43683DAC-516C-4012-8FDB-E1A8978D09F6}.Debug|Any CPU.ActiveCfg = Debug|Any CPU
		{43683DAC-516C-4012-8FDB-E1A8978D09F6}.Debug|Any CPU.Build.0 = Debug|Any CPU
		{43683DAC-516C-4012-8FDB-E1A8978D09F6}.Release|Any CPU.ActiveCfg = Release|Any CPU
		{43683DAC-516C-4012-8FDB-E1A8978D09F6}.Release|Any CPU.Build.0 = Release|Any CPU
		{B878EFB6-DB87-4AC7-A2F0-38E9E5EF113D}.Debug|Any CPU.ActiveCfg = Debug|Any CPU
		{B878EFB6-DB87-4AC7-A2F0-38E9E5EF113D}.Debug|Any CPU.Build.0 = Debug|Any CPU
		{B878EFB6-DB87-4AC7-A2F0-38E9E5EF113D}.Release|Any CPU.ActiveCfg = Release|Any CPU
		{B878EFB6-DB87-4AC7-A2F0-38E9E5EF113D}.Release|Any CPU.Build.0 = Release|Any CPU
		{74C28540-AF95-48C8-AC9B-FEE563A465AB}.Debug|Any CPU.ActiveCfg = Debug|Any CPU
		{74C28540-AF95-48C8-AC9B-FEE563A465AB}.Debug|Any CPU.Build.0 = Debug|Any CPU
		{74C28540-AF95-48C8-AC9B-FEE563A465AB}.Release|Any CPU.ActiveCfg = Release|Any CPU
		{74C28540-AF95-48C8-AC9B-FEE563A465AB}.Release|Any CPU.Build.0 = Release|Any CPU
		{B620A75E-C2BE-4468-A850-F0A34CA7B17C}.Debug|Any CPU.ActiveCfg = Debug|Any CPU
		{B620A75E-C2BE-4468-A850-F0A34CA7B17C}.Debug|Any CPU.Build.0 = Debug|Any CPU
		{B620A75E-C2BE-4468-A850-F0A34CA7B17C}.Release|Any CPU.ActiveCfg = Release|Any CPU
		{B620A75E-C2BE-4468-A850-F0A34CA7B17C}.Release|Any CPU.Build.0 = Release|Any CPU
		{CB93365D-9A5B-E8F1-67F4-35C40682AB5F}.Debug|Any CPU.ActiveCfg = Debug|Any CPU
		{CB93365D-9A5B-E8F1-67F4-35C40682AB5F}.Debug|Any CPU.Build.0 = Debug|Any CPU
		{CB93365D-9A5B-E8F1-67F4-35C40682AB5F}.Release|Any CPU.ActiveCfg = Release|Any CPU
		{CB93365D-9A5B-E8F1-67F4-35C40682AB5F}.Release|Any CPU.Build.0 = Release|Any CPU
		{90D3139C-95BA-49F6-B4A7-5E731A0644F7}.Debug|Any CPU.ActiveCfg = Debug|Any CPU
		{90D3139C-95BA-49F6-B4A7-5E731A0644F7}.Debug|Any CPU.Build.0 = Debug|Any CPU
		{90D3139C-95BA-49F6-B4A7-5E731A0644F7}.Release|Any CPU.ActiveCfg = Release|Any CPU
		{90D3139C-95BA-49F6-B4A7-5E731A0644F7}.Release|Any CPU.Build.0 = Release|Any CPU
		{7CA006C8-91F1-449C-9DA2-AF665F3A821A}.Debug|Any CPU.ActiveCfg = Debug|Any CPU
		{7CA006C8-91F1-449C-9DA2-AF665F3A821A}.Debug|Any CPU.Build.0 = Debug|Any CPU
		{7CA006C8-91F1-449C-9DA2-AF665F3A821A}.Release|Any CPU.ActiveCfg = Release|Any CPU
		{7CA006C8-91F1-449C-9DA2-AF665F3A821A}.Release|Any CPU.Build.0 = Release|Any CPU
		{A28FE6C3-F891-3F0D-077A-8ED7CFD9A5FA}.Debug|Any CPU.ActiveCfg = Debug|Any CPU
		{A28FE6C3-F891-3F0D-077A-8ED7CFD9A5FA}.Debug|Any CPU.Build.0 = Debug|Any CPU
		{A28FE6C3-F891-3F0D-077A-8ED7CFD9A5FA}.Release|Any CPU.ActiveCfg = Release|Any CPU
		{A28FE6C3-F891-3F0D-077A-8ED7CFD9A5FA}.Release|Any CPU.Build.0 = Release|Any CPU
		{0F2D63A2-560E-4249-A460-1A657A9EF8D9}.Debug|Any CPU.ActiveCfg = Debug|Any CPU
		{0F2D63A2-560E-4249-A460-1A657A9EF8D9}.Debug|Any CPU.Build.0 = Debug|Any CPU
		{0F2D63A2-560E-4249-A460-1A657A9EF8D9}.Release|Any CPU.ActiveCfg = Release|Any CPU
		{0F2D63A2-560E-4249-A460-1A657A9EF8D9}.Release|Any CPU.Build.0 = Release|Any CPU
		{8B2ACA67-F477-4F33-854C-5DA8FCCCE150}.Debug|Any CPU.ActiveCfg = Debug|Any CPU
		{8B2ACA67-F477-4F33-854C-5DA8FCCCE150}.Debug|Any CPU.Build.0 = Debug|Any CPU
		{8B2ACA67-F477-4F33-854C-5DA8FCCCE150}.Release|Any CPU.ActiveCfg = Release|Any CPU
		{8B2ACA67-F477-4F33-854C-5DA8FCCCE150}.Release|Any CPU.Build.0 = Release|Any CPU
		{60281EFA-7CBF-43FE-897B-C85E56528D0A}.Debug|Any CPU.ActiveCfg = Debug|Any CPU
		{60281EFA-7CBF-43FE-897B-C85E56528D0A}.Debug|Any CPU.Build.0 = Debug|Any CPU
		{60281EFA-7CBF-43FE-897B-C85E56528D0A}.Release|Any CPU.ActiveCfg = Release|Any CPU
		{60281EFA-7CBF-43FE-897B-C85E56528D0A}.Release|Any CPU.Build.0 = Release|Any CPU
		{64792109-5058-4CE7-9FD7-1B9B7CC98E20}.Debug|Any CPU.ActiveCfg = Debug|Any CPU
		{64792109-5058-4CE7-9FD7-1B9B7CC98E20}.Debug|Any CPU.Build.0 = Debug|Any CPU
		{64792109-5058-4CE7-9FD7-1B9B7CC98E20}.Release|Any CPU.ActiveCfg = Release|Any CPU
		{64792109-5058-4CE7-9FD7-1B9B7CC98E20}.Release|Any CPU.Build.0 = Release|Any CPU
		{8FDD3D3A-0CED-4CAE-B41F-862F1EEC1BC6}.Debug|Any CPU.ActiveCfg = Debug|Any CPU
		{8FDD3D3A-0CED-4CAE-B41F-862F1EEC1BC6}.Debug|Any CPU.Build.0 = Debug|Any CPU
		{8FDD3D3A-0CED-4CAE-B41F-862F1EEC1BC6}.Release|Any CPU.ActiveCfg = Release|Any CPU
		{8FDD3D3A-0CED-4CAE-B41F-862F1EEC1BC6}.Release|Any CPU.Build.0 = Release|Any CPU
	EndGlobalSection
	GlobalSection(SolutionProperties) = preSolution
		HideSolutionNode = FALSE
	EndGlobalSection
	GlobalSection(NestedProjects) = preSolution
		{D23CCF6E-F528-43C6-BF0D-E559767A2B4A} = {02EA681E-C7D8-13C7-8484-4AC65E1B71E8}
		{A58A9DD4-3526-4FBB-8250-A02EB0FDAAEB} = {D23CCF6E-F528-43C6-BF0D-E559767A2B4A}
		{A4A8FAD6-80D7-48A6-B644-01E722B74A50} = {D23CCF6E-F528-43C6-BF0D-E559767A2B4A}
		{19EF601E-BD11-40B6-B115-C0DD95F5BBB9} = {D23CCF6E-F528-43C6-BF0D-E559767A2B4A}
		{0BDD14B5-C280-4268-902E-B45FDE589A1D} = {02EA681E-C7D8-13C7-8484-4AC65E1B71E8}
		{1114F48F-82ED-4D31-AF93-7320CCDE45DD} = {02EA681E-C7D8-13C7-8484-4AC65E1B71E8}
		{B4E53A3D-DC18-49BD-BC6E-BE34D0EBB9D5} = {1114F48F-82ED-4D31-AF93-7320CCDE45DD}
		{09AB459D-A67D-46DF-B7A0-423378002499} = {1114F48F-82ED-4D31-AF93-7320CCDE45DD}
		{147C5981-65FC-4EC1-A9E0-CF09C3123F27} = {1114F48F-82ED-4D31-AF93-7320CCDE45DD}
		{078D9335-C728-400D-BD58-A731F1ADD1BD} = {02EA681E-C7D8-13C7-8484-4AC65E1B71E8}
		{1D9E2B58-0650-41B8-B64F-0BAD8ECC4C72} = {078D9335-C728-400D-BD58-A731F1ADD1BD}
		{0D7B6AF9-85F1-47F9-8C34-BFBBE0B2A908} = {078D9335-C728-400D-BD58-A731F1ADD1BD}
		{257B7899-ACD1-4410-92DC-D7D5450117F3} = {078D9335-C728-400D-BD58-A731F1ADD1BD}
		{68335104-45DF-4BC1-8DAA-46E9B822D2B5} = {02EA681E-C7D8-13C7-8484-4AC65E1B71E8}
		{0D0EB223-4CAA-4E9D-B77E-C1F9BF65AF55} = {68335104-45DF-4BC1-8DAA-46E9B822D2B5}
		{5E473E19-524D-427D-9CDE-1427AF80FA28} = {68335104-45DF-4BC1-8DAA-46E9B822D2B5}
		{6336CBFB-6E5B-45CF-85A5-0139D5532B6C} = {68335104-45DF-4BC1-8DAA-46E9B822D2B5}
		{FDFBC958-B4E3-4154-B800-B15F082D2A0C} = {078D9335-C728-400D-BD58-A731F1ADD1BD}
		{43683DAC-516C-4012-8FDB-E1A8978D09F6} = {D23CCF6E-F528-43C6-BF0D-E559767A2B4A}
		{29D10F52-1639-42A8-B290-EF564EDEF82B} = {02EA681E-C7D8-13C7-8484-4AC65E1B71E8}
		{B878EFB6-DB87-4AC7-A2F0-38E9E5EF113D} = {29D10F52-1639-42A8-B290-EF564EDEF82B}
		{74C28540-AF95-48C8-AC9B-FEE563A465AB} = {29D10F52-1639-42A8-B290-EF564EDEF82B}
		{B620A75E-C2BE-4468-A850-F0A34CA7B17C} = {29D10F52-1639-42A8-B290-EF564EDEF82B}
		{CB93365D-9A5B-E8F1-67F4-35C40682AB5F} = {59DC093B-2C65-4DAE-9A4A-7F5FA09343B6}
		{90D3139C-95BA-49F6-B4A7-5E731A0644F7} = {6D0CA674-CDDE-4F8D-8128-3E888CCE3131}
		{6D0CA674-CDDE-4F8D-8128-3E888CCE3131} = {59DC093B-2C65-4DAE-9A4A-7F5FA09343B6}
		{7CA006C8-91F1-449C-9DA2-AF665F3A821A} = {6D0CA674-CDDE-4F8D-8128-3E888CCE3131}
		{A28FE6C3-F891-3F0D-077A-8ED7CFD9A5FA} = {8793F0E6-54F2-4C52-9225-D12907E1DBF5}
		{0F2D63A2-560E-4249-A460-1A657A9EF8D9} = {8793F0E6-54F2-4C52-9225-D12907E1DBF5}
		{B60DAF13-A686-46B2-A687-CF247B9B8829} = {02EA681E-C7D8-13C7-8484-4AC65E1B71E8}
		{8B2ACA67-F477-4F33-854C-5DA8FCCCE150} = {B60DAF13-A686-46B2-A687-CF247B9B8829}
		{60281EFA-7CBF-43FE-897B-C85E56528D0A} = {B60DAF13-A686-46B2-A687-CF247B9B8829}
		{64792109-5058-4CE7-9FD7-1B9B7CC98E20} = {B60DAF13-A686-46B2-A687-CF247B9B8829}
		{8FDD3D3A-0CED-4CAE-B41F-862F1EEC1BC6} = {B60DAF13-A686-46B2-A687-CF247B9B8829}
	EndGlobalSection
	GlobalSection(ExtensibilityGlobals) = postSolution
		SolutionGuid = {F657432B-47C1-402E-92C1-68D8E8D47B87}
	EndGlobalSection
EndGlobal
